
Microsoft Visual Studio Solution File, Format Version 12.00
# Visual Studio Version 16
VisualStudioVersion = 16.0.30225.117
MinimumVisualStudioVersion = 10.0.40219.1
Project("{FAE04EC0-301F-11D3-BF4B-00C04F79EFBC}") = "XO.App", "XO.App\XO.App.csproj", "{0A9BB5DF-C828-47D1-8368-954C0FD6B051}"
EndProject
Global
	GlobalSection(SolutionConfigurationPlatforms) = preSolution
		Debug|Any CPU = Debug|Any CPU
		Release|Any CPU = Release|Any CPU
	EndGlobalSection
	GlobalSection(ProjectConfigurationPlatforms) = postSolution
		{0A9BB5DF-C828-47D1-8368-954C0FD6B051}.Debug|Any CPU.ActiveCfg = Debug|Any CPU
		{0A9BB5DF-C828-47D1-8368-954C0FD6B051}.Debug|Any CPU.Build.0 = Debug|Any CPU
		{0A9BB5DF-C828-47D1-8368-954C0FD6B051}.Release|Any CPU.ActiveCfg = Release|Any CPU
		{0A9BB5DF-C828-47D1-8368-954C0FD6B051}.Release|Any CPU.Build.0 = Release|Any CPU
	EndGlobalSection
	GlobalSection(SolutionProperties) = preSolution
		HideSolutionNode = FALSE
	EndGlobalSection
	GlobalSection(ExtensibilityGlobals) = postSolution
		SolutionGuid = {CF528B3F-0971-46E3-B2F8-343B9E8BA23A}
	EndGlobalSection
EndGlobal
